
Microsoft Visual Studio Solution File, Format Version 12.00
# Visual Studio Version 16
VisualStudioVersion = 16.0.31019.35
MinimumVisualStudioVersion = 10.0.40219.1
Project("{FAE04EC0-301F-11D3-BF4B-00C04F79EFBC}") = "GardeningShop", "GardeningShop\GardeningShop.csproj", "{9327DD36-28FF-4C29-9CF6-953238995382}"
EndProject
Global
	GlobalSection(SolutionConfigurationPlatforms) = preSolution
		Debug|Any CPU = Debug|Any CPU
		Release|Any CPU = Release|Any CPU
	EndGlobalSection
	GlobalSection(ProjectConfigurationPlatforms) = postSolution
		{9327DD36-28FF-4C29-9CF6-953238995382}.Debug|Any CPU.ActiveCfg = Debug|Any CPU
		{9327DD36-28FF-4C29-9CF6-953238995382}.Debug|Any CPU.Build.0 = Debug|Any CPU
		{9327DD36-28FF-4C29-9CF6-953238995382}.Release|Any CPU.ActiveCfg = Release|Any CPU
		{9327DD36-28FF-4C29-9CF6-953238995382}.Release|Any CPU.Build.0 = Release|Any CPU
	EndGlobalSection
	GlobalSection(SolutionProperties) = preSolution
		HideSolutionNode = FALSE
	EndGlobalSection
	GlobalSection(ExtensibilityGlobals) = postSolution
		SolutionGuid = {63139B87-1F0F-462D-8055-248E31B52D36}
	EndGlobalSection
EndGlobal
